# This file is automatically @generated by Poetry 1.8.2 and should not be changed by hand.

[[package]]
name = "imcf-fiji-mocks"
version = "0.13.0"
description = "Mocks collection for Fiji-Python. Zero functional code."
optional = false
python-versions = ">=2.7"
files = [
    {file = "imcf_fiji_mocks-0.13.0-py2.py3-none-any.whl", hash = "sha256:cb6be2b4af480a9340d182c2bccff78f996c0048abbf05380e214a91a2f89bf2"},
    {file = "imcf_fiji_mocks-0.13.0.tar.gz", hash = "sha256:c29f2dc82a0d4e94963a9f7a455f17012ee37aa8eda4d1c9e9565496df50b063"},
]

[[package]]
name = "imcflibs"
version = "1.5.0"
description = "Mostly ImageJ/Fiji-related Python helper functions."
optional = false
python-versions = ">=2.7"
files = [
    {file = "imcflibs-1.5.0-py2.py3-none-any.whl", hash = "sha256:92179cbc79e93a043d5f77e268789eb4ab2aa2c276f85a0db09634bf46ca3988"},
    {file = "imcflibs-1.5.0.tar.gz", hash = "sha256:64b801ea748e25060c78cfcbf432c5dfa5195f3657295bb5a95542acff2e6105"},
]

[package.dependencies]
imcf-fiji-mocks = ">=0.10.0"
python-micrometa = ">=15.2.2,<16.0.0"
sjlogging = ">=0.5.2"

[[package]]
name = "olefile"
version = "0.46"
description = "Python package to parse, read and write Microsoft OLE2 files (Structured Storage or Compound Document, Microsoft Office)"
optional = false
python-versions = ">=2.7, !=3.0.*, !=3.1.*, !=3.2.*, !=3.3.*"
files = [
    {file = "olefile-0.46.zip", hash = "sha256:133b031eaf8fd2c9399b78b8bc5b8fcbe4c31e85295749bb17a87cba8f3c3964"},
]

[[package]]
name = "sjlogging"
version = "0.5.4"
description = "Jython package for using SciJava's LogService for logging."
optional = false
python-versions = ">=2.7"
files = [
    {file = "sjlogging-0.5.4-py2.py3-none-any.whl", hash = "sha256:e7db0a34ac2788a0404ac02beee232132f3946330cc04d28a37eea9adb3cfd42"},
    {file = "sjlogging-0.5.4.tar.gz", hash = "sha256:5fb1a4e6338088bdbf9d943a867bf1bc6f77031ec48dbb7dd96f09abb0aaaa92"},
]

[metadata]
lock-version = "2.0"
python-versions = ">=2.7,<3.0.dev0 || >=3.4.dev0"
content-hash = "2be3aa0f03811879fb72851ab0b3911231c9c78f23e1c8f2f81b822f8433e951"
